
Microsoft Visual Studio Solution File, Format Version 12.00
# Visual Studio 15
Project("{FAE04EC0-301F-11D3-BF4B-00C04F79EFBC}") = "11Algorithm", "11Algorithm\11Algorithm.csproj", "{B0CBAFB1-76A5-4576-8EA9-2D8D297FABFB}"
EndProject
Global
	GlobalSection(SolutionConfigurationPlatforms) = preSolution
		Debug|Any CPU = Debug|Any CPU
		Release|Any CPU = Release|Any CPU
	EndGlobalSection
	GlobalSection(ProjectConfigurationPlatforms) = postSolution
		{B0CBAFB1-76A5-4576-8EA9-2D8D297FABFB}.Debug|Any CPU.ActiveCfg = Debug|Any CPU
		{B0CBAFB1-76A5-4576-8EA9-2D8D297FABFB}.Debug|Any CPU.Build.0 = Debug|Any CPU
		{B0CBAFB1-76A5-4576-8EA9-2D8D297FABFB}.Release|Any CPU.ActiveCfg = Release|Any CPU
		{B0CBAFB1-76A5-4576-8EA9-2D8D297FABFB}.Release|Any CPU.Build.0 = Release|Any CPU
	EndGlobalSection
EndGlobal
